
Microsoft Visual Studio Solution File, Format Version 12.00
# Visual Studio 2013
VisualStudioVersion = 12.0.40629.0
MinimumVisualStudioVersion = 10.0.40219.1
Project("{FAE04EC0-301F-11D3-BF4B-00C04F79EFBC}") = "FA_WebCilent", "FA_WebCilent\FA_WebCilent.csproj", "{7D7BFFAF-6B73-4AF3-9001-F0B76970DEB4}"
EndProject
Global
	GlobalSection(SolutionConfigurationPlatforms) = preSolution
		Debug|Any CPU = Debug|Any CPU
		Release|Any CPU = Release|Any CPU
	EndGlobalSection
	GlobalSection(ProjectConfigurationPlatforms) = postSolution
		{7D7BFFAF-6B73-4AF3-9001-F0B76970DEB4}.Debug|Any CPU.ActiveCfg = Debug|Any CPU
		{7D7BFFAF-6B73-4AF3-9001-F0B76970DEB4}.Debug|Any CPU.Build.0 = Debug|Any CPU
		{7D7BFFAF-6B73-4AF3-9001-F0B76970DEB4}.Release|Any CPU.ActiveCfg = Release|Any CPU
		{7D7BFFAF-6B73-4AF3-9001-F0B76970DEB4}.Release|Any CPU.Build.0 = Release|Any CPU
	EndGlobalSection
	GlobalSection(SolutionProperties) = preSolution
		HideSolutionNode = FALSE
	EndGlobalSection
EndGlobal
